
Microsoft Visual Studio Solution File, Format Version 12.00
# Visual Studio 15
VisualStudioVersion = 15.0.27428.2037
MinimumVisualStudioVersion = 10.0.40219.1
Project("{FAE04EC0-301F-11D3-BF4B-00C04F79EFBC}") = "Capstone2", "Capstone2\Capstone2.csproj", "{B6EBFEED-9C2E-45E0-BDC3-1282FB5F593A}"
EndProject
Global
	GlobalSection(SolutionConfigurationPlatforms) = preSolution
		Debug|Any CPU = Debug|Any CPU
		Release|Any CPU = Release|Any CPU
	EndGlobalSection
	GlobalSection(ProjectConfigurationPlatforms) = postSolution
		{B6EBFEED-9C2E-45E0-BDC3-1282FB5F593A}.Debug|Any CPU.ActiveCfg = Debug|Any CPU
		{B6EBFEED-9C2E-45E0-BDC3-1282FB5F593A}.Debug|Any CPU.Build.0 = Debug|Any CPU
		{B6EBFEED-9C2E-45E0-BDC3-1282FB5F593A}.Release|Any CPU.ActiveCfg = Release|Any CPU
		{B6EBFEED-9C2E-45E0-BDC3-1282FB5F593A}.Release|Any CPU.Build.0 = Release|Any CPU
	EndGlobalSection
	GlobalSection(SolutionProperties) = preSolution
		HideSolutionNode = FALSE
	EndGlobalSection
	GlobalSection(ExtensibilityGlobals) = postSolution
		SolutionGuid = {594A5A7E-9D1E-4D95-9737-D7AF23CA6FF8}
	EndGlobalSection
EndGlobal
